
Microsoft Visual Studio Solution File, Format Version 12.00
# Visual Studio Version 17
VisualStudioVersion = 17.4.33103.184
MinimumVisualStudioVersion = 10.0.40219.1
Project("{9A19103F-16F7-4668-BE54-9A1E7A4F7556}") = "health-calc-pack-dotnet", "health-calc-pack-dotnet\health-calc-pack-dotnet.csproj", "{AD040F49-3BAE-451B-A57F-47790B342C6F}"
EndProject
Project("{FAE04EC0-301F-11D3-BF4B-00C04F79EFBC}") = "Health-calc-test-xunit", "Health-calc-test-xunit\Health-calc-test-xunit.csproj", "{FC526705-21CB-4C2A-963A-4590AAF6B759}"
EndProject
Project("{FAE04EC0-301F-11D3-BF4B-00C04F79EFBC}") = "health-calc-console-dotnet", "health-calc-console-dotnet\health-calc-console-dotnet.csproj", "{05442EB3-B788-4E8D-BD85-CAFA7140A0A2}"
EndProject
Global
	GlobalSection(SolutionConfigurationPlatforms) = preSolution
		Debug|Any CPU = Debug|Any CPU
		Release|Any CPU = Release|Any CPU
	EndGlobalSection
	GlobalSection(ProjectConfigurationPlatforms) = postSolution
		{AD040F49-3BAE-451B-A57F-47790B342C6F}.Debug|Any CPU.ActiveCfg = Debug|Any CPU
		{AD040F49-3BAE-451B-A57F-47790B342C6F}.Debug|Any CPU.Build.0 = Debug|Any CPU
		{AD040F49-3BAE-451B-A57F-47790B342C6F}.Release|Any CPU.ActiveCfg = Release|Any CPU
		{AD040F49-3BAE-451B-A57F-47790B342C6F}.Release|Any CPU.Build.0 = Release|Any CPU
		{FC526705-21CB-4C2A-963A-4590AAF6B759}.Debug|Any CPU.ActiveCfg = Debug|Any CPU
		{FC526705-21CB-4C2A-963A-4590AAF6B759}.Debug|Any CPU.Build.0 = Debug|Any CPU
		{FC526705-21CB-4C2A-963A-4590AAF6B759}.Release|Any CPU.ActiveCfg = Release|Any CPU
		{FC526705-21CB-4C2A-963A-4590AAF6B759}.Release|Any CPU.Build.0 = Release|Any CPU
		{05442EB3-B788-4E8D-BD85-CAFA7140A0A2}.Debug|Any CPU.ActiveCfg = Debug|Any CPU
		{05442EB3-B788-4E8D-BD85-CAFA7140A0A2}.Debug|Any CPU.Build.0 = Debug|Any CPU
		{05442EB3-B788-4E8D-BD85-CAFA7140A0A2}.Release|Any CPU.ActiveCfg = Release|Any CPU
		{05442EB3-B788-4E8D-BD85-CAFA7140A0A2}.Release|Any CPU.Build.0 = Release|Any CPU
	EndGlobalSection
	GlobalSection(SolutionProperties) = preSolution
		HideSolutionNode = FALSE
	EndGlobalSection
	GlobalSection(ExtensibilityGlobals) = postSolution
		SolutionGuid = {5525E972-6175-433A-9996-DF21BA9E9FD9}
	EndGlobalSection
EndGlobal
